
Microsoft Visual Studio Solution File, Format Version 12.00
# Visual Studio Version 17
VisualStudioVersion = 17.10.35004.147
MinimumVisualStudioVersion = 10.0.40219.1
Project("{FAE04EC0-301F-11D3-BF4B-00C04F79EFBC}") = "agendamentosmanager-api", "agendamentosmanager-api.csproj", "{061624B5-EBC9-480E-B1B1-F73DEE3C6EFF}"
EndProject
Global
	GlobalSection(SolutionConfigurationPlatforms) = preSolution
		Debug|Any CPU = Debug|Any CPU
		Release|Any CPU = Release|Any CPU
	EndGlobalSection
	GlobalSection(ProjectConfigurationPlatforms) = postSolution
		{061624B5-EBC9-480E-B1B1-F73DEE3C6EFF}.Debug|Any CPU.ActiveCfg = Debug|Any CPU
		{061624B5-EBC9-480E-B1B1-F73DEE3C6EFF}.Debug|Any CPU.Build.0 = Debug|Any CPU
		{061624B5-EBC9-480E-B1B1-F73DEE3C6EFF}.Release|Any CPU.ActiveCfg = Release|Any CPU
		{061624B5-EBC9-480E-B1B1-F73DEE3C6EFF}.Release|Any CPU.Build.0 = Release|Any CPU
	EndGlobalSection
	GlobalSection(SolutionProperties) = preSolution
		HideSolutionNode = FALSE
	EndGlobalSection
	GlobalSection(ExtensibilityGlobals) = postSolution
		SolutionGuid = {6D74BACE-865E-4BC6-9921-A3CBF32CFC5B}
	EndGlobalSection
EndGlobal
